
Microsoft Visual Studio Solution File, Format Version 12.00
# Visual Studio Version 17
VisualStudioVersion = 17.7.33808.371
MinimumVisualStudioVersion = 10.0.40219.1
Project("{9A19103F-16F7-4668-BE54-9A1E7A4F7556}") = "examen", "examen\examen.csproj", "{834F6CD5-1290-48D2-A307-52279D68F843}"
EndProject
Global
	GlobalSection(SolutionConfigurationPlatforms) = preSolution
		Debug|Any CPU = Debug|Any CPU
		Release|Any CPU = Release|Any CPU
	EndGlobalSection
	GlobalSection(ProjectConfigurationPlatforms) = postSolution
		{834F6CD5-1290-48D2-A307-52279D68F843}.Debug|Any CPU.ActiveCfg = Debug|Any CPU
		{834F6CD5-1290-48D2-A307-52279D68F843}.Debug|Any CPU.Build.0 = Debug|Any CPU
		{834F6CD5-1290-48D2-A307-52279D68F843}.Release|Any CPU.ActiveCfg = Release|Any CPU
		{834F6CD5-1290-48D2-A307-52279D68F843}.Release|Any CPU.Build.0 = Release|Any CPU
	EndGlobalSection
	GlobalSection(SolutionProperties) = preSolution
		HideSolutionNode = FALSE
	EndGlobalSection
	GlobalSection(ExtensibilityGlobals) = postSolution
		SolutionGuid = {47CA71A7-B14C-4B82-A3F0-BECFE6517D58}
	EndGlobalSection
EndGlobal
